
Microsoft Visual Studio Solution File, Format Version 12.00
# Visual Studio Version 16
VisualStudioVersion = 16.0.29613.14
MinimumVisualStudioVersion = 10.0.40219.1
Project("{FAE04EC0-301F-11D3-BF4B-00C04F79EFBC}") = "DesignerProject", "DesignerProject\DesignerProject.csproj", "{24ED17C9-861B-4131-978D-BDDCD466274F}"
EndProject
Global
	GlobalSection(SolutionConfigurationPlatforms) = preSolution
		Debug|Any CPU = Debug|Any CPU
		Release|Any CPU = Release|Any CPU
	EndGlobalSection
	GlobalSection(ProjectConfigurationPlatforms) = postSolution
		{24ED17C9-861B-4131-978D-BDDCD466274F}.Debug|Any CPU.ActiveCfg = Debug|Any CPU
		{24ED17C9-861B-4131-978D-BDDCD466274F}.Debug|Any CPU.Build.0 = Debug|Any CPU
		{24ED17C9-861B-4131-978D-BDDCD466274F}.Release|Any CPU.ActiveCfg = Release|Any CPU
		{24ED17C9-861B-4131-978D-BDDCD466274F}.Release|Any CPU.Build.0 = Release|Any CPU
	EndGlobalSection
	GlobalSection(SolutionProperties) = preSolution
		HideSolutionNode = FALSE
	EndGlobalSection
	GlobalSection(ExtensibilityGlobals) = postSolution
		SolutionGuid = {C7A2AEC3-8C96-4BDA-8604-C2C7DAB7E5A8}
	EndGlobalSection
EndGlobal
